
Microsoft Visual Studio Solution File, Format Version 12.00
# Visual Studio Version 17
VisualStudioVersion = 17.7.34024.191
MinimumVisualStudioVersion = 10.0.40219.1
Project("{9A19103F-16F7-4668-BE54-9A1E7A4F7556}") = "MilitaryProject", "MilitaryProject\MilitaryProject.csproj", "{345A009B-F3A4-47F3-B24E-6A4CEFF96BA3}"
EndProject
Project("{2150E333-8FDC-42A3-9474-1A3956D46DE8}") = "Domain", "Domain", "{2B665479-FE7B-436F-85B3-AEF68146E45B}"
EndProject
Project("{2150E333-8FDC-42A3-9474-1A3956D46DE8}") = "DAL", "DAL", "{6375988C-3A99-4A17-9818-63B9CFDC9D69}"
EndProject
Project("{2150E333-8FDC-42A3-9474-1A3956D46DE8}") = "BLL", "BLL", "{A875A53D-FB48-45D7-87EA-1F2E0AF58D19}"
EndProject
Project("{9A19103F-16F7-4668-BE54-9A1E7A4F7556}") = "MilitaryProject.Domain", "MilitaryProject.Domain\MilitaryProject.Domain.csproj", "{048A7F54-EA0A-4CF2-8713-69A5304EF32F}"
EndProject
Project("{9A19103F-16F7-4668-BE54-9A1E7A4F7556}") = "MilitaryProject.DAL", "MilitaryProject.DAL\MilitaryProject.DAL.csproj", "{28B069B8-7FE7-4417-B6BE-A789EE8FE66E}"
EndProject
Project("{9A19103F-16F7-4668-BE54-9A1E7A4F7556}") = "MilitaryProject.BLL", "MilitaryProject.BLL\MilitaryProject.BLL.csproj", "{E7401D73-D2CA-44C6-A012-A56ACD757ED8}"
EndProject
Project("{FAE04EC0-301F-11D3-BF4B-00C04F79EFBC}") = "UnitTests", "UnitTests\UnitTests.csproj", "{0258FB66-0534-48C4-8570-E199005F5B45}"
	ProjectSection(ProjectDependencies) = postProject
		{28B069B8-7FE7-4417-B6BE-A789EE8FE66E} = {28B069B8-7FE7-4417-B6BE-A789EE8FE66E}
		{E7401D73-D2CA-44C6-A012-A56ACD757ED8} = {E7401D73-D2CA-44C6-A012-A56ACD757ED8}
	EndProjectSection
EndProject
Global
	GlobalSection(SolutionConfigurationPlatforms) = preSolution
		Debug|Any CPU = Debug|Any CPU
		Release|Any CPU = Release|Any CPU
	EndGlobalSection
	GlobalSection(ProjectConfigurationPlatforms) = postSolution
		{345A009B-F3A4-47F3-B24E-6A4CEFF96BA3}.Debug|Any CPU.ActiveCfg = Debug|Any CPU
		{345A009B-F3A4-47F3-B24E-6A4CEFF96BA3}.Debug|Any CPU.Build.0 = Debug|Any CPU
		{345A009B-F3A4-47F3-B24E-6A4CEFF96BA3}.Release|Any CPU.ActiveCfg = Release|Any CPU
		{345A009B-F3A4-47F3-B24E-6A4CEFF96BA3}.Release|Any CPU.Build.0 = Release|Any CPU
		{048A7F54-EA0A-4CF2-8713-69A5304EF32F}.Debug|Any CPU.ActiveCfg = Debug|Any CPU
		{048A7F54-EA0A-4CF2-8713-69A5304EF32F}.Debug|Any CPU.Build.0 = Debug|Any CPU
		{048A7F54-EA0A-4CF2-8713-69A5304EF32F}.Release|Any CPU.ActiveCfg = Release|Any CPU
		{048A7F54-EA0A-4CF2-8713-69A5304EF32F}.Release|Any CPU.Build.0 = Release|Any CPU
		{28B069B8-7FE7-4417-B6BE-A789EE8FE66E}.Debug|Any CPU.ActiveCfg = Debug|Any CPU
		{28B069B8-7FE7-4417-B6BE-A789EE8FE66E}.Debug|Any CPU.Build.0 = Debug|Any CPU
		{28B069B8-7FE7-4417-B6BE-A789EE8FE66E}.Release|Any CPU.ActiveCfg = Release|Any CPU
		{28B069B8-7FE7-4417-B6BE-A789EE8FE66E}.Release|Any CPU.Build.0 = Release|Any CPU
		{E7401D73-D2CA-44C6-A012-A56ACD757ED8}.Debug|Any CPU.ActiveCfg = Debug|Any CPU
		{E7401D73-D2CA-44C6-A012-A56ACD757ED8}.Debug|Any CPU.Build.0 = Debug|Any CPU
		{E7401D73-D2CA-44C6-A012-A56ACD757ED8}.Release|Any CPU.ActiveCfg = Release|Any CPU
		{E7401D73-D2CA-44C6-A012-A56ACD757ED8}.Release|Any CPU.Build.0 = Release|Any CPU
		{0258FB66-0534-48C4-8570-E199005F5B45}.Debug|Any CPU.ActiveCfg = Debug|Any CPU
		{0258FB66-0534-48C4-8570-E199005F5B45}.Debug|Any CPU.Build.0 = Debug|Any CPU
		{0258FB66-0534-48C4-8570-E199005F5B45}.Release|Any CPU.ActiveCfg = Release|Any CPU
		{0258FB66-0534-48C4-8570-E199005F5B45}.Release|Any CPU.Build.0 = Release|Any CPU
	EndGlobalSection
	GlobalSection(SolutionProperties) = preSolution
		HideSolutionNode = FALSE
	EndGlobalSection
	GlobalSection(NestedProjects) = preSolution
		{048A7F54-EA0A-4CF2-8713-69A5304EF32F} = {2B665479-FE7B-436F-85B3-AEF68146E45B}
		{28B069B8-7FE7-4417-B6BE-A789EE8FE66E} = {6375988C-3A99-4A17-9818-63B9CFDC9D69}
		{E7401D73-D2CA-44C6-A012-A56ACD757ED8} = {A875A53D-FB48-45D7-87EA-1F2E0AF58D19}
	EndGlobalSection
	GlobalSection(ExtensibilityGlobals) = postSolution
		SolutionGuid = {E10EFD95-D67A-49C9-8630-A0169131A1D8}
	EndGlobalSection
EndGlobal
